
Microsoft Visual Studio Solution File, Format Version 12.00
# Visual Studio 15
VisualStudioVersion = 15.0.28307.421
MinimumVisualStudioVersion = 10.0.40219.1
Project("{FAE04EC0-301F-11D3-BF4B-00C04F79EFBC}") = "SimpleXML", "SimpleXML\SimpleXML.csproj", "{2596F456-4D6A-48C2-867C-B4111FF2F38D}"
EndProject
Project("{FAE04EC0-301F-11D3-BF4B-00C04F79EFBC}") = "SimpleXML_term", "SimpleXML_term\SimpleXML_term.csproj", "{EF400348-8CB1-4302-BEE1-FE4B5A32D49C}"
EndProject
Global
	GlobalSection(SolutionConfigurationPlatforms) = preSolution
		Debug|Any CPU = Debug|Any CPU
		Release|Any CPU = Release|Any CPU
	EndGlobalSection
	GlobalSection(ProjectConfigurationPlatforms) = postSolution
		{2596F456-4D6A-48C2-867C-B4111FF2F38D}.Debug|Any CPU.ActiveCfg = Debug|Any CPU
		{2596F456-4D6A-48C2-867C-B4111FF2F38D}.Debug|Any CPU.Build.0 = Debug|Any CPU
		{2596F456-4D6A-48C2-867C-B4111FF2F38D}.Release|Any CPU.ActiveCfg = Release|Any CPU
		{2596F456-4D6A-48C2-867C-B4111FF2F38D}.Release|Any CPU.Build.0 = Release|Any CPU
		{EF400348-8CB1-4302-BEE1-FE4B5A32D49C}.Debug|Any CPU.ActiveCfg = Debug|Any CPU
		{EF400348-8CB1-4302-BEE1-FE4B5A32D49C}.Debug|Any CPU.Build.0 = Debug|Any CPU
		{EF400348-8CB1-4302-BEE1-FE4B5A32D49C}.Release|Any CPU.ActiveCfg = Release|Any CPU
		{EF400348-8CB1-4302-BEE1-FE4B5A32D49C}.Release|Any CPU.Build.0 = Release|Any CPU
	EndGlobalSection
	GlobalSection(SolutionProperties) = preSolution
		HideSolutionNode = FALSE
	EndGlobalSection
	GlobalSection(ExtensibilityGlobals) = postSolution
		SolutionGuid = {E5A4E9FC-2A1D-400E-8424-8E9CA4A77A40}
	EndGlobalSection
EndGlobal
